# This file is automatically @generated by Cargo.
# It is not intended for manual editing.
version = 4

[[package]]
name = "app"
version = "0.1.0"
dependencies = [
 "backbone",
 "drivers",
]

[[package]]
name = "backbone"
version = "0.1.0"

[[package]]
name = "cli"
version = "0.1.0"
dependencies = [
 "app",
 "backbone",
]

[[package]]
name = "drivers"
version = "0.1.0"
dependencies = [
 "backbone",
]
